{
  "version": "2",
  "remote": {
    "https://deno.land/std@0.106.0/fmt/colors.ts": "d2f8355f00a74404668fc5a1e4a92983ce1a9b0a6ac1d40efbd681cb8f519586",
    "https://deno.land/std@0.97.0/fmt/colors.ts": "db22b314a2ae9430ae7460ce005e0a7130e23ae1c999157e3bb77cf55800f7e4",
    "https://deno.land/std@0.97.0/testing/_diff.ts": "961eaf6d9f5b0a8556c9d835bbc6fa74f5addd7d3b02728ba7936ff93364f7a3",
    "https://deno.land/std@0.97.0/testing/asserts.ts": "341292d12eebc44be4c3c2ca101ba8b6b5859cef2fa69d50c217f9d0bfbcfd1f",
    "https://deno.land/x/expect@v0.2.9/expect.ts": "128c60f94ff3f977e2a649463238e403f9bdb8e6ab77e65214c0236bd61b0111",
    "https://deno.land/x/expect@v0.2.9/matchers.ts": "ba7360b73c5031a22449fa98eb4d5dbe7f256a88dd4c22ccae96dc6c01f0b19c",
    "https://deno.land/x/expect@v0.2.9/mock.ts": "562d4b1d735d15b0b8e935f342679096b64fe452f86e96714fe8616c0c884914",
    "https://deno.land/x/expect@v0.2.9/mod.ts": "0304d2430e1e96ba669a8495e24ba606dcc3d152e1f81aaa8da898cea24e36c2",
    "https://deno.land/x/tincan@1.0.1/mod.ts": "9473507398048cb24dbb37b3a220777106c69c28d573898648deb2bb84a7e131",
    "https://deno.land/x/tincan@1.0.1/src/deps.ts": "b02ae57b7ab5035b903f2526b278c26a301e05242668a77eb9e2e82011b651aa",
    "https://deno.land/x/tincan@1.0.1/src/environment.ts": "1096dc35b77ee070bba03584489f71c446574d3a7676936ab0bb4aed507d7e27",
    "https://deno.land/x/tincan@1.0.1/src/mod.ts": "faf52271dbf61ff40b29d60e1d4f8d80f4ad167beebc40905d16779617d07463",
    "https://deno.land/x/tincan@1.0.1/src/nodes/mod.ts": "c22f058dd205d10c3b261c9afdbcd95a8eb807401e822f9c899cca2ab0f16473",
    "https://deno.land/x/tincan@1.0.1/src/nodes/nodes.ts": "a8b8b3178868c8b13a6d4d0c96cb41e4c1df48719a8cd2977495af9f9352ab04",
    "https://deno.land/x/tincan@1.0.1/src/nodes/tree.ts": "c119fb6a2ee1fe9833b70111382cc8d9a3f5b875b4bb65a0e8774d919193faa3",
    "https://deno.land/x/tincan@1.0.1/src/nodes/utilities.ts": "5e6a6f0e2650df4e10f7dfde889ef88a588fe9c3b3618aca2acd47e80b3ee3d8",
    "https://deno.land/x/tincan@1.0.1/src/reporter.ts": "84e09297da18c840076be951c02c749678b75dc89b2575f34db1378cbb509939",
    "https://deno.land/x/tincan@1.0.1/src/runner.ts": "54e1a0934a52469437bd4655df51f0c9148327d94a2b0d6c175f6f992a697b86",
    "https://esm.sh/fontoxpath@3.28.2": "686c9e8ef6c5de002c6125f66895a8a3aa84f302532e88f32137ce3e1c769bf6",
    "https://esm.sh/react-dom@18.2.0/server": "87c8d386c37052db47202713b53bb2ce4ba2bbf39a94762592d79458de92d82b",
    "https://esm.sh/react@18.2.0": "454268b00f4f1ef6f25a01b9c9b4bd39c3ae651c7e4ef164667a94b432f8085b",
    "https://esm.sh/slimdom@4.0.1": "30f7dd49764e4df4ed7b2e926e6afa416a62e0b9ffd21085cc6fbed6772a8d8c",
    "https://esm.sh/v104/fontoxpath@3.28.2/deno/fontoxpath.js": "7cdde3ae1aaa0300342c8839b39eb6e44e1bae5d385d80c837b78249ad66dbf4",
    "https://esm.sh/v104/fontoxpath@3.28.2/dist/fontoxpath.d.ts": "2d1ed462354baf3d949f01d58b2baa725c434efe86c400cf1833299a672dc393",
    "https://esm.sh/v104/prsc@4.0.0/deno/prsc.js": "a1e2f4ed258cc1e1d365a0191bcfb8e54c0627f6a6a3c2e53a3adca142135d2d",
    "https://esm.sh/v104/whynot@5.0.0/deno/whynot.js": "3849462f76c3da60d77988fc63d7cb1e94d74ced16bcab00a6e8facb19421522",
    "https://esm.sh/v104/xspattern@3.0.0/deno/xspattern.js": "4dd27420bf6ffd21fada03044fdace8a7882253093b29a5845dd0ffac4647d13",
    "https://esm.sh/v86/@types/prop-types@15.7.5/index.d.ts": "6a386ff939f180ae8ef064699d8b7b6e62bc2731a62d7fbf5e02589383838dea",
    "https://esm.sh/v86/@types/react-dom@18.0.5/server~.d.ts": "978d7657f15a84572752f90788135086fd006b1ca32b21f75884786f5b4a7f2c",
    "https://esm.sh/v86/@types/react@18.0.12/global.d.ts": "bbdf156fea2fabed31a569445835aeedcc33643d404fcbaa54541f06c109df3f",
    "https://esm.sh/v86/@types/react@18.0.12/index.d.ts": "521457b553c4a5485b1f8dfbabf065a5ed94c6853f6c0944b402e53668f3118e",
    "https://esm.sh/v86/@types/react@18.0.14/global.d.ts": "bbdf156fea2fabed31a569445835aeedcc33643d404fcbaa54541f06c109df3f",
    "https://esm.sh/v86/@types/react@18.0.14/index.d.ts": "521457b553c4a5485b1f8dfbabf065a5ed94c6853f6c0944b402e53668f3118e",
    "https://esm.sh/v86/@types/scheduler@0.16.2/tracing.d.ts": "f5a8b384f182b3851cec3596ccc96cb7464f8d3469f48c74bf2befb782a19de5",
    "https://esm.sh/v86/csstype@3.1.0/index.d.ts": "ba7617784f6b9aeac5e20c5eea869bbc3ef31b905f59c796b0fd401dae17c111",
    "https://esm.sh/v86/react-dom@18.2.0/deno/server.js": "496bc0e597378cba7cabff1d79a933c15c2c4a507d58492ac78eaced7f307401",
    "https://esm.sh/v86/react@18.2.0/deno/react.js": "1027273d943fcd8d247344d810d5b487155ff27734faceaf19beb7d7e8ac92bd",
    "https://esm.sh/v96/slimdom@4.0.1/deno/slimdom.js": "25b44585e018e038a1d3c3d4866f4cb750c7eece9ba86ff8216dbe7e51d2d949",
    "https://esm.sh/v96/slimdom@4.0.1/dist/slimdom.d.ts": "fccef49928d088a1dc56d42a9e51eb6a87fb670b1b94a724be7502a345f7cfe8"
  }
}
