{
  "version": "2",
  "remote": {
    "https://deno.land/std@0.106.0/fmt/colors.ts": "d2f8355f00a74404668fc5a1e4a92983ce1a9b0a6ac1d40efbd681cb8f519586",
    "https://deno.land/std@0.97.0/fmt/colors.ts": "db22b314a2ae9430ae7460ce005e0a7130e23ae1c999157e3bb77cf55800f7e4",
    "https://deno.land/std@0.97.0/testing/_diff.ts": "961eaf6d9f5b0a8556c9d835bbc6fa74f5addd7d3b02728ba7936ff93364f7a3",
    "https://deno.land/std@0.97.0/testing/asserts.ts": "341292d12eebc44be4c3c2ca101ba8b6b5859cef2fa69d50c217f9d0bfbcfd1f",
    "https://deno.land/x/expect@v0.2.9/expect.ts": "128c60f94ff3f977e2a649463238e403f9bdb8e6ab77e65214c0236bd61b0111",
    "https://deno.land/x/expect@v0.2.9/matchers.ts": "ba7360b73c5031a22449fa98eb4d5dbe7f256a88dd4c22ccae96dc6c01f0b19c",
    "https://deno.land/x/expect@v0.2.9/mock.ts": "562d4b1d735d15b0b8e935f342679096b64fe452f86e96714fe8616c0c884914",
    "https://deno.land/x/expect@v0.2.9/mod.ts": "0304d2430e1e96ba669a8495e24ba606dcc3d152e1f81aaa8da898cea24e36c2",
    "https://deno.land/x/tincan@1.0.1/mod.ts": "9473507398048cb24dbb37b3a220777106c69c28d573898648deb2bb84a7e131",
    "https://deno.land/x/tincan@1.0.1/src/deps.ts": "b02ae57b7ab5035b903f2526b278c26a301e05242668a77eb9e2e82011b651aa",
    "https://deno.land/x/tincan@1.0.1/src/environment.ts": "1096dc35b77ee070bba03584489f71c446574d3a7676936ab0bb4aed507d7e27",
    "https://deno.land/x/tincan@1.0.1/src/mod.ts": "faf52271dbf61ff40b29d60e1d4f8d80f4ad167beebc40905d16779617d07463",
    "https://deno.land/x/tincan@1.0.1/src/nodes/mod.ts": "c22f058dd205d10c3b261c9afdbcd95a8eb807401e822f9c899cca2ab0f16473",
    "https://deno.land/x/tincan@1.0.1/src/nodes/nodes.ts": "a8b8b3178868c8b13a6d4d0c96cb41e4c1df48719a8cd2977495af9f9352ab04",
    "https://deno.land/x/tincan@1.0.1/src/nodes/tree.ts": "c119fb6a2ee1fe9833b70111382cc8d9a3f5b875b4bb65a0e8774d919193faa3",
    "https://deno.land/x/tincan@1.0.1/src/nodes/utilities.ts": "5e6a6f0e2650df4e10f7dfde889ef88a588fe9c3b3618aca2acd47e80b3ee3d8",
    "https://deno.land/x/tincan@1.0.1/src/reporter.ts": "84e09297da18c840076be951c02c749678b75dc89b2575f34db1378cbb509939",
    "https://deno.land/x/tincan@1.0.1/src/runner.ts": "54e1a0934a52469437bd4655df51f0c9148327d94a2b0d6c175f6f992a697b86",
    "https://esm.sh/fontoxpath@3.29.0": "3a2ef70a1c6e46ea1073c2e8571982eb49eea7b3c2a1d11a8c5794561ebe3323",
    "https://esm.sh/react-dom@18.2.0/server": "4ad05408f3e06bcdc08036880abe01232f9fb9200a03491b7097d922036feb13",
    "https://esm.sh/react@18.2.0": "84aa07282d2f3c843f7d56daeae0be41ceae768391c4418f7358dd64e8fe4eca",
    "https://esm.sh/slimdom@4.0.1": "c2166a25884a63383db23d3d0d6794927d84a8d07228757c5af6ffd24b440f0e",
    "https://esm.sh/stable/react@18.2.0/deno/react.js": "99f4a29109464569449be1002a828827c6dc9d7a386d28da012c29ba4cc88abd",
    "https://esm.sh/v111/@types/prop-types@15.7.5/index.d.ts": "6a386ff939f180ae8ef064699d8b7b6e62bc2731a62d7fbf5e02589383838dea",
    "https://esm.sh/v111/@types/react-dom@18.0.11/server~.d.ts": "062c36a354f037958d99f5741781417e760b9484afb4669288161719df63ae20",
    "https://esm.sh/v111/@types/react@18.0.26/global.d.ts": "bbdf156fea2fabed31a569445835aeedcc33643d404fcbaa54541f06c109df3f",
    "https://esm.sh/v111/@types/react@18.0.26/index.d.ts": "bb01db1b434ece658ae4da2a91c855f5ce823bdad82d8a0265e325aa12193450",
    "https://esm.sh/v111/@types/react@18.0.28/global.d.ts": "bbdf156fea2fabed31a569445835aeedcc33643d404fcbaa54541f06c109df3f",
    "https://esm.sh/v111/@types/react@18.0.28/index.d.ts": "bb01db1b434ece658ae4da2a91c855f5ce823bdad82d8a0265e325aa12193450",
    "https://esm.sh/v111/@types/scheduler@0.16.2/tracing.d.ts": "f5a8b384f182b3851cec3596ccc96cb7464f8d3469f48c74bf2befb782a19de5",
    "https://esm.sh/v111/csstype@3.1.1/index.d.ts": "1c29793071152b207c01ea1954e343be9a44d85234447b2b236acae9e709a383",
    "https://esm.sh/v111/fontoxpath@3.29.0/deno/fontoxpath.js": "33b4d85faf05b3737f5bfe9350f890a915798688fb26925479a0e6f73cd6aecb",
    "https://esm.sh/v111/fontoxpath@3.29.0/dist/fontoxpath.d.ts": "7777eb16548b96fa28e6307f92c0d6f14fff18157da034fecb330cfb31810b83",
    "https://esm.sh/v111/prsc@4.0.0/deno/prsc.js": "af766a121ced3ea491bcce2446c35c13918d09f6c2ffeb163a2a7eaf5d8bacb1",
    "https://esm.sh/v111/react-dom@18.2.0/deno/server.js": "856a38f0fc1dd4c3c2a3432d88fbaf29da15eef3155c0cb8ea8de1febe13b197",
    "https://esm.sh/v111/slimdom@4.0.1/deno/slimdom.js": "6e1278a680a39992ed9083d7799f9ee53768a4f97f306e7128ddbe27cd117edd",
    "https://esm.sh/v111/slimdom@4.0.1/dist/slimdom.d.ts": "fccef49928d088a1dc56d42a9e51eb6a87fb670b1b94a724be7502a345f7cfe8",
    "https://esm.sh/v111/whynot@5.0.0/deno/whynot.js": "9ed67046d150f3ad2c16fd7ef0091cb638b1f73b1c126af86e45ff66b4d2b882",
    "https://esm.sh/v111/xspattern@3.1.0/deno/xspattern.js": "282d1a76f87259a5102acfde491cb54f33f3fe7eb71a880117839dd4ae4fd068"
  }
}
